
Microsoft Visual Studio Solution File, Format Version 12.00
# Visual Studio 14
VisualStudioVersion = 14.0.23107.0
MinimumVisualStudioVersion = 10.0.40219.1
Project("{2150E333-8FDC-42A3-9474-1A3956D46DE8}") = "Libraries", "Libraries", "{262EEB43-E0E1-4053-9B03-1BA30BF59C34}"
EndProject
Project("{FAE04EC0-301F-11D3-BF4B-00C04F79EFBC}") = "Nop.Core", "Nop.Core\Nop.Core.csproj", "{4C2C35F7-5DB1-4FC3-88C7-3F674EB022C2}"
EndProject
Project("{FAE04EC0-301F-11D3-BF4B-00C04F79EFBC}") = "Nop.Data", "Nop.Data\Nop.Data.csproj", "{B63135D6-BC32-487D-960A-09C56B5766B3}"
EndProject
Project("{FAE04EC0-301F-11D3-BF4B-00C04F79EFBC}") = "Nop.Services", "Nop.Services\Nop.Services.csproj", "{72E37B1C-4AA4-4DDC-B405-269433F04A01}"
EndProject
Project("{2150E333-8FDC-42A3-9474-1A3956D46DE8}") = "Tests", "Tests", "{B6FD6CE4-D7E3-4D30-A732-20B640510286}"
EndProject
Project("{FAE04EC0-301F-11D3-BF4B-00C04F79EFBC}") = "Nop.Core.Tests", "Nop.Core.Tests\Nop.Core.Tests.csproj", "{B73C9E2A-BCA9-4EEE-A2E8-24DD3737D4AF}"
EndProject
Global
	GlobalSection(SolutionConfigurationPlatforms) = preSolution
		Debug|Any CPU = Debug|Any CPU
		Release|Any CPU = Release|Any CPU
	EndGlobalSection
	GlobalSection(ProjectConfigurationPlatforms) = postSolution
		{4C2C35F7-5DB1-4FC3-88C7-3F674EB022C2}.Debug|Any CPU.ActiveCfg = Debug|Any CPU
		{4C2C35F7-5DB1-4FC3-88C7-3F674EB022C2}.Debug|Any CPU.Build.0 = Debug|Any CPU
		{4C2C35F7-5DB1-4FC3-88C7-3F674EB022C2}.Release|Any CPU.ActiveCfg = Release|Any CPU
		{4C2C35F7-5DB1-4FC3-88C7-3F674EB022C2}.Release|Any CPU.Build.0 = Release|Any CPU
		{B63135D6-BC32-487D-960A-09C56B5766B3}.Debug|Any CPU.ActiveCfg = Debug|Any CPU
		{B63135D6-BC32-487D-960A-09C56B5766B3}.Debug|Any CPU.Build.0 = Debug|Any CPU
		{B63135D6-BC32-487D-960A-09C56B5766B3}.Release|Any CPU.ActiveCfg = Release|Any CPU
		{B63135D6-BC32-487D-960A-09C56B5766B3}.Release|Any CPU.Build.0 = Release|Any CPU
		{72E37B1C-4AA4-4DDC-B405-269433F04A01}.Debug|Any CPU.ActiveCfg = Debug|Any CPU
		{72E37B1C-4AA4-4DDC-B405-269433F04A01}.Debug|Any CPU.Build.0 = Debug|Any CPU
		{72E37B1C-4AA4-4DDC-B405-269433F04A01}.Release|Any CPU.ActiveCfg = Release|Any CPU
		{72E37B1C-4AA4-4DDC-B405-269433F04A01}.Release|Any CPU.Build.0 = Release|Any CPU
		{B73C9E2A-BCA9-4EEE-A2E8-24DD3737D4AF}.Debug|Any CPU.ActiveCfg = Debug|Any CPU
		{B73C9E2A-BCA9-4EEE-A2E8-24DD3737D4AF}.Debug|Any CPU.Build.0 = Debug|Any CPU
		{B73C9E2A-BCA9-4EEE-A2E8-24DD3737D4AF}.Release|Any CPU.ActiveCfg = Release|Any CPU
		{B73C9E2A-BCA9-4EEE-A2E8-24DD3737D4AF}.Release|Any CPU.Build.0 = Release|Any CPU
	EndGlobalSection
	GlobalSection(SolutionProperties) = preSolution
		HideSolutionNode = FALSE
	EndGlobalSection
	GlobalSection(NestedProjects) = preSolution
		{4C2C35F7-5DB1-4FC3-88C7-3F674EB022C2} = {262EEB43-E0E1-4053-9B03-1BA30BF59C34}
		{B63135D6-BC32-487D-960A-09C56B5766B3} = {262EEB43-E0E1-4053-9B03-1BA30BF59C34}
		{72E37B1C-4AA4-4DDC-B405-269433F04A01} = {262EEB43-E0E1-4053-9B03-1BA30BF59C34}
		{B73C9E2A-BCA9-4EEE-A2E8-24DD3737D4AF} = {B6FD6CE4-D7E3-4D30-A732-20B640510286}
	EndGlobalSection
EndGlobal
